<Solution>
    <Folder Name="/Projects/" />
    <Folder Name="/Projects/Apps/">
        <Project Path="Projects/Apps/Grekov/Grekov.csproj" />
        <Project Path="Projects/Apps/Komissarzhevskaya/Komissarzhevskaya.csproj" />
    </Folder>
    <Folder Name="/Projects/Mathematics/" />
    <Folder Name="/Projects/Mathematics/Apps/">
        <Project Path="Projects/Mathematics/Mathematics.App.Maui/Mathematics.App.Maui.csproj" />
    </Folder>
    <Folder Name="/Projects/Mathematics/Modules/">
        <Project Path="Projects/Mathematics/Mathematics.Compression/Mathematics.Compression.csproj" />
        <Project Path="Projects/Mathematics/Mathematics.Core/Mathematics.Core.csproj" />
        <Project Path="Projects/Mathematics/Mathematics.Cryptography/Mathematics.Cryptography.csproj" />
        <Project Path="Projects/Mathematics/Mathematics.Graphics/Mathematics.Graphics.csproj" />
        <Project Path="Projects/Mathematics/Mathematics.Graphs/Mathematics.Graphs.csproj" />
        <Project Path="Projects/Mathematics/Mathematics.MachineLearning/Mathematics.MachineLearning.csproj" />
        <Project Path="Projects/Mathematics/Mathematics.Numerical/Mathematics.Numerical.csproj" />
        <Project Path="Projects/Mathematics/Mathematics.Optimization/Mathematics.Optimization.csproj" />
        <Project Path="Projects/Mathematics/Mathematics.Probability/Mathematics.Probability.csproj" />
        <Project Path="Projects/Mathematics/Mathematics.Processing/Mathematics.Processing.csproj" />
        <Project Path="Projects/Mathematics/Mathematics.System/Mathematics.System.csproj" />
    </Folder>
    <Folder Name="/Projects/Mathematics/Utilities/">
        <Project Path="Projects/Mathematics/Mathematics.DependencyInjection/Mathematics.DependencyInjection.csproj" />
        <Project Path="Projects/Mathematics/Mathematics.SourceGenerators/Mathematics.SourceGenerators.csproj" />
    </Folder>
    <Folder Name="/Projects/Modeling/">
        <Project Path="Projects/Modeling/Modeling.DeltaT.Algorithm/Modeling.DeltaT.Algorithm.csproj" />
        <Project Path="Projects/Modeling/Modeling.DeltaT.Example/Modeling.DeltaT.Example.csproj" />
        <Project Path="Projects/Modeling/Modeling.EventDriven.Algorithm/Modeling.EventDriven.Algorithm.csproj" />
        <Project Path="Projects/Modeling/Modeling.EventDriven.Example/Modeling.EventDriven.Example.csproj" />
        <Project Path="Shared/Modeling.Core/Modeling.Core.csproj" />
        <Project Path="Shared/Modeling.Logging/Modeling.Logging.csproj" />
    </Folder>
    <Folder Name="/Utility/" />
    <Folder Name="/Utility/Shared/">
        <Project Path="Shared/Utilities/Utilities.csproj" />
        <Project Path="Shared\Data\Data.csproj" />
    </Folder>
</Solution>