<Solution>
    <Folder Name="/Algorithms/">
        <Project Path="Algorithms/Mathematics/Mathematics.csproj" />
    </Folder>
    <Folder Name="/Algorithms/Modeling/">
        <Project Path="Algorithms\Modeling\DeltaT.Algorithm\DeltaT.Algorithm.csproj" />
        <Project Path="Algorithms\Modeling\EventDriven.Algorithm\EventDriven.Algorithm.csproj" />
    </Folder>
    <Folder Name="/Apps/">
        <Project Path="Apps/FractalVisualizer/FractalVisualizer.csproj" />
        <Project Path="Apps/Mathematics.Server/Mathematics.Server.csproj" />
        <Project Path="Apps/Mathematics.SourceGenerators/Mathematics.SourceGenerators.csproj" />
        <Project Path="Apps/ShaderEditor/ShaderEditor.csproj" />
    </Folder>
    <Folder Name="/Examples/" />
    <Folder Name="/Examples/Algorithms/" />
    <Folder Name="/Examples/Algorithms/Modeling/">
        <Project Path="Examples/Algorithms/DeltaT.Example/DeltaT.Example.csproj" />
        <Project Path="Examples/Algorithms/EventDriven.Example/EventDriven.Example.csproj" />
    </Folder>
    <Folder Name="/Examples/Analyzers/">
        <Project Path="Examples/Analyzers/Core.Analyzer.Example/Core.Analyzer.Example.csproj" />
    </Folder>
    <Folder Name="/Examples/SourceGenerators/">
        <Project Path="Examples/SourceGenerators/Core.SourceGenerators.Example/Core.SourceGenerators.Example.csproj" />
    </Folder>
    <Folder Name="/Projects/" />
    <Folder Name="/Tests/" />
    <Folder Name="/Tests/Algorithms/">
        <Project Path="Tests/Algorithms/Mathematics.Tests/Mathematics.Tests.csproj" />
    </Folder>
    <Folder Name="/Tests/Analyzers/">
        <Project Path="Tests/Analyzers/Core.Analyzer.Tests/Core.Analyzer.Tests.csproj" />
    </Folder>
    <Folder Name="/Tests/Shared/" />
    <Folder Name="/Tests/SourceGenerators/">
        <Project Path="Tests/SourceGenerators/Core.SourceGenerators.Tests/Core.SourceGenerators.Tests.csproj" />
    </Folder>
    <Folder Name="/Utility/" />
    <Folder Name="/Utility/Shared/">
        <Project Path="Shared/Utilities/Utilities.csproj" />
        <Project Path="Shared\Data\Data.csproj" />
        <Project Path="Shared\Logging\Logging.csproj" />
        <Project Path="Shared\Structures\Structures.csproj" />
    </Folder>
</Solution>