<Solution>
    <Folder Name="/Examples/" />
    <Folder Name="/Sources/" />
    <Folder Name="/Sources/Godot/">
        <Project Path="Projects/Godot/NovoDwarf.Godot.Slang/NovoDwarf.Godot.Slang.csproj" />
    </Folder>
    <Folder Name="/Sources/Shared/">
        <Project Path="Projects/Shared/NovoDwarf.FS/NovoDwarf.FS.csproj" />
        <Project Path="Projects/Shared/NovoDwarf.Primitives/NovoDwarf.Primitives.csproj" />
        <Project Path="Projects/Shared/NovoDwarf.Utilities/NovoDwarf.Utilities.csproj" />
    </Folder>
    <Folder Name="/Tests/" />
</Solution>
