<Solution>
    <Folder Name="/Projects/" />
    <Folder Name="/Projects/Godot/">
        <Project Path="Projects/Godot/NovoDwarf.Godot.Slang/NovoDwarf.Godot.Slang.csproj" />
    </Folder>
    <Folder Name="/Projects/Grekov/">
        <Project Path="Projects/Grekov/Aegis.Packaging.Assemblies/Aegis.Packaging.Assemblies.csproj" />
        <Project Path="Projects/Grekov/Aegis.Packaging.Core/Aegis.Packaging.Core.csproj" />
        <Project Path="Projects/Grekov/Aegis.Packaging.Definitions/Aegis.Packaging.Definitions.csproj" />
        <Project Path="Projects/Grekov/Aegis.Packaging.Localizations/Aegis.Packaging.Localizations.csproj" />
        <Project Path="Projects/Grekov/Aegis.Packaging/Aegis.Packaging.csproj" />
        <Project Path="Projects/Grekov/Grekov/Grekov.csproj" />
    </Folder>
    <Folder Name="/Projects/Mathematics/" />
    <Folder Name="/Projects/Mathematics/Apps/">
        <Project Path="Projects/Mathematics/NovoDwarf.Mathematics.App.Maui/NovoDwarf.Mathematics.App.Maui.csproj" />
    </Folder>
    <Folder Name="/Projects/Mathematics/Modules/">
        <Project Path="Projects/Mathematics/NovoDwarf.Mathematics.Ballistics/NovoDwarf.Mathematics.Ballistics.csproj" />
        <Project Path="Projects/Mathematics/NovoDwarf.Mathematics.Compression/NovoDwarf.Mathematics.Compression.csproj" />
        <Project Path="Projects/Mathematics/NovoDwarf.Mathematics.Core/NovoDwarf.Mathematics.Core.csproj" />
        <Project Path="Projects/Mathematics/NovoDwarf.Mathematics.Cryptography/NovoDwarf.Mathematics.Cryptography.csproj" />
        <Project Path="Projects/Mathematics/NovoDwarf.Mathematics.Graphics/NovoDwarf.Mathematics.Graphics.csproj" />
        <Project Path="Projects/Mathematics/NovoDwarf.Mathematics.Graphs/NovoDwarf.Mathematics.Graphs.csproj" />
        <Project Path="Projects/Mathematics/NovoDwarf.Mathematics.MachineLearning/NovoDwarf.Mathematics.MachineLearning.csproj" />
        <Project Path="Projects/Mathematics/NovoDwarf.Mathematics.Numerical/NovoDwarf.Mathematics.Numerical.csproj" />
        <Project Path="Projects/Mathematics/NovoDwarf.Mathematics.Optimization/NovoDwarf.Mathematics.Optimization.csproj" />
        <Project Path="Projects/Mathematics/NovoDwarf.Mathematics.Probability/NovoDwarf.Mathematics.Probability.csproj" />
        <Project Path="Projects/Mathematics/NovoDwarf.Mathematics.Processing/NovoDwarf.Mathematics.Processing.csproj" />
        <Project Path="Projects/Mathematics/NovoDwarf.Mathematics.System/NovoDwarf.Mathematics.System.csproj" />
    </Folder>
    <Folder Name="/Projects/Mathematics/Utilities/">
        <Project Path="Projects/Mathematics/NovoDwarf.Mathematics.DependencyInjection/NovoDwarf.Mathematics.DependencyInjection.csproj" />
        <Project Path="Projects/Mathematics/NovoDwarf.Mathematics.SourceGenerators/NovoDwarf.Mathematics.SourceGenerators.csproj" />
    </Folder>
    <Folder Name="/Projects/Modeling/">
        <Project Path="Projects/Modeling/NovoDwarf.Modeling.Core/NovoDwarf.Modeling.Core.csproj" />
        <Project Path="Projects/Modeling/NovoDwarf.Modeling.DeltaT.Example/NovoDwarf.Modeling.DeltaT.Example.csproj" />
        <Project Path="Projects/Modeling/NovoDwarf.Modeling.DeltaT/NovoDwarf.Modeling.DeltaT.csproj" />
        <Project Path="Projects/Modeling/NovoDwarf.Modeling.EventDriven.Example/NovoDwarf.Modeling.EventDriven.Example.csproj" />
        <Project Path="Projects/Modeling/NovoDwarf.Modeling.EventDriven/NovoDwarf.Modeling.EventDriven.csproj" />
        <Project Path="Projects/Modeling/NovoDwarf.Modeling.Logging/NovoDwarf.Modeling.Logging.csproj" />
    </Folder>
    <Folder Name="/Projects/ProCed.NET/" />
    <Folder Name="/Projects/ProCed.NET/Nodes/">
        <Project Path="Projects/ProCed.NET/ProCed.NET.Nodes.Objects/ProCed.NET.Nodes.Objects.csproj" />
        <Project Path="Projects/ProCed.NET/ProCed.NET.Nodes.Spatial/ProCed.NET.Nodes.Spatial.csproj" />
        <Project Path="Projects/ProCed.NET/ProCed.NET.Nodes.Terrain/ProCed.NET.Nodes.Terrain.csproj" />
    </Folder>
    <Folder Name="/Projects/Procedural.NET/">
        <Project Path="Projects/Procedural.NET/Procedural.NET.Core/Procedural.NET.Core.csproj" />
        <Project Path="Projects/Procedural.NET/Procedural.NET.Nodes/Procedural.NET.Nodes.csproj" />
        <Project Path="Projects/Procedural.NET/Procedural.NET.Storage/Procedural.NET.Storage.csproj" />
        <Project Path="Projects/Procedural.NET/Procedural.NET/Procedural.NET.csproj" />
    </Folder>
    <Folder Name="/Utility/" />
    <Folder Name="/Utility/Shared/">
        <Project Path="Shared/NovoDwarf.FS/NovoDwarf.FS.csproj" />
        <Project Path="Shared/NovoDwarf.Primitives/NovoDwarf.Primitives.csproj" />
        <Project Path="Shared/NovoDwarf.Utilities/NovoDwarf.Utilities.csproj" />
    </Folder>
</Solution>
